
Microsoft Visual Studio Solution File, Format Version 12.00
# Visual Studio Version 17
VisualStudioVersion = 17.9.34728.123
MinimumVisualStudioVersion = 10.0.40219.1
Project("{FAE04EC0-301F-11D3-BF4B-00C04F79EFBC}") = "L1OTracker", "L1OTracker\L1OTracker.csproj", "{5969D303-9086-434B-A86C-17159C5F2D86}"
EndProject
Global
	GlobalSection(SolutionConfigurationPlatforms) = preSolution
		Debug|Any CPU = Debug|Any CPU
		Release|Any CPU = Release|Any CPU
	EndGlobalSection
	GlobalSection(ProjectConfigurationPlatforms) = postSolution
		{5969D303-9086-434B-A86C-17159C5F2D86}.Debug|Any CPU.ActiveCfg = Debug|Any CPU
		{5969D303-9086-434B-A86C-17159C5F2D86}.Debug|Any CPU.Build.0 = Debug|Any CPU
		{5969D303-9086-434B-A86C-17159C5F2D86}.Release|Any CPU.ActiveCfg = Release|Any CPU
		{5969D303-9086-434B-A86C-17159C5F2D86}.Release|Any CPU.Build.0 = Release|Any CPU
	EndGlobalSection
	GlobalSection(SolutionProperties) = preSolution
		HideSolutionNode = FALSE
	EndGlobalSection
	GlobalSection(ExtensibilityGlobals) = postSolution
		SolutionGuid = {F4C57E84-1CED-4BD7-BA69-E617E0EE99E4}
	EndGlobalSection
EndGlobal
